
Microsoft Visual Studio Solution File, Format Version 12.00
# Visual Studio Version 17
VisualStudioVersion = 17.5.002.0
MinimumVisualStudioVersion = 10.0.40219.1
Project("{9A19103F-16F7-4668-BE54-9A1E7A4F7556}") = "bank-managment-csharp", "bank-managment-csharp.csproj", "{962C54F8-D9DD-4F3B-A36F-24ABC9F932E6}"
EndProject
Global
	GlobalSection(SolutionConfigurationPlatforms) = preSolution
		Debug|Any CPU = Debug|Any CPU
		Release|Any CPU = Release|Any CPU
	EndGlobalSection
	GlobalSection(ProjectConfigurationPlatforms) = postSolution
		{962C54F8-D9DD-4F3B-A36F-24ABC9F932E6}.Debug|Any CPU.ActiveCfg = Debug|Any CPU
		{962C54F8-D9DD-4F3B-A36F-24ABC9F932E6}.Debug|Any CPU.Build.0 = Debug|Any CPU
		{962C54F8-D9DD-4F3B-A36F-24ABC9F932E6}.Release|Any CPU.ActiveCfg = Release|Any CPU
		{962C54F8-D9DD-4F3B-A36F-24ABC9F932E6}.Release|Any CPU.Build.0 = Release|Any CPU
	EndGlobalSection
	GlobalSection(SolutionProperties) = preSolution
		HideSolutionNode = FALSE
	EndGlobalSection
	GlobalSection(ExtensibilityGlobals) = postSolution
		SolutionGuid = {105B7C67-19E0-4B09-9C48-F73E2CC4C648}
	EndGlobalSection
EndGlobal
